
Microsoft Visual Studio Solution File, Format Version 11.00
# Visual Studio 2010
Project("{FAE04EC0-301F-11D3-BF4B-00C04F79EFBC}") = "MicroClimat", "MicroClimat\MicroClimat.csproj", "{16AD4509-0BE7-4637-8A58-3A6F9B570B9A}"
EndProject
Project("{54435603-DBB4-11D2-8724-00A0C9A8B90C}") = "MicroClimatSetup", "MicroClimatSetup\MicroClimatSetup.vdproj", "{28749197-A0DF-47F9-9BDA-941D9684E67E}"
EndProject
Global
	GlobalSection(SolutionConfigurationPlatforms) = preSolution
		Debug|Any CPU = Debug|Any CPU
		Release|Any CPU = Release|Any CPU
	EndGlobalSection
	GlobalSection(ProjectConfigurationPlatforms) = postSolution
		{16AD4509-0BE7-4637-8A58-3A6F9B570B9A}.Debug|Any CPU.ActiveCfg = Debug|Any CPU
		{16AD4509-0BE7-4637-8A58-3A6F9B570B9A}.Debug|Any CPU.Build.0 = Debug|Any CPU
		{16AD4509-0BE7-4637-8A58-3A6F9B570B9A}.Release|Any CPU.ActiveCfg = Release|Any CPU
		{16AD4509-0BE7-4637-8A58-3A6F9B570B9A}.Release|Any CPU.Build.0 = Release|Any CPU
		{28749197-A0DF-47F9-9BDA-941D9684E67E}.Debug|Any CPU.ActiveCfg = Debug
		{28749197-A0DF-47F9-9BDA-941D9684E67E}.Debug|Any CPU.Build.0 = Debug
		{28749197-A0DF-47F9-9BDA-941D9684E67E}.Release|Any CPU.ActiveCfg = Release
		{28749197-A0DF-47F9-9BDA-941D9684E67E}.Release|Any CPU.Build.0 = Release
	EndGlobalSection
	GlobalSection(SolutionProperties) = preSolution
		HideSolutionNode = FALSE
	EndGlobalSection
EndGlobal
